
Microsoft Visual Studio Solution File, Format Version 12.00
# Visual Studio Version 16
VisualStudioVersion = 16.0.30330.147
MinimumVisualStudioVersion = 10.0.40219.1
Project("{FAE04EC0-301F-11D3-BF4B-00C04F79EFBC}") = "LanchesLf", "LanchesLf\LanchesLf.csproj", "{5F7B34F0-546C-483D-9AC0-F73D66C31409}"
EndProject
Global
	GlobalSection(SolutionConfigurationPlatforms) = preSolution
		Debug|Any CPU = Debug|Any CPU
		Release|Any CPU = Release|Any CPU
	EndGlobalSection
	GlobalSection(ProjectConfigurationPlatforms) = postSolution
		{5F7B34F0-546C-483D-9AC0-F73D66C31409}.Debug|Any CPU.ActiveCfg = Debug|Any CPU
		{5F7B34F0-546C-483D-9AC0-F73D66C31409}.Debug|Any CPU.Build.0 = Debug|Any CPU
		{5F7B34F0-546C-483D-9AC0-F73D66C31409}.Release|Any CPU.ActiveCfg = Release|Any CPU
		{5F7B34F0-546C-483D-9AC0-F73D66C31409}.Release|Any CPU.Build.0 = Release|Any CPU
	EndGlobalSection
	GlobalSection(SolutionProperties) = preSolution
		HideSolutionNode = FALSE
	EndGlobalSection
	GlobalSection(ExtensibilityGlobals) = postSolution
		SolutionGuid = {4B98A091-D24F-4281-8B2B-960583464F82}
	EndGlobalSection
EndGlobal
